
Microsoft Visual Studio Solution File, Format Version 12.00
# Visual Studio 15
VisualStudioVersion = 15.0.27004.2002
MinimumVisualStudioVersion = 10.0.40219.1
Project("{9A19103F-16F7-4668-BE54-9A1E7A4F7556}") = "TicketsOrdering.WEB_UI", "TicketsOrdering.WEB_UI\TicketsOrdering.WEB_UI.csproj", "{1D43ADB1-C949-41E2-A91B-A486A2819BF7}"
EndProject
Project("{9A19103F-16F7-4668-BE54-9A1E7A4F7556}") = "TicketsOrdering.DataAccess", "TicketsOrdering.DataAccess\TicketsOrdering.DataAccess.csproj", "{7EA405C8-8C68-4285-850A-2491FCF2C669}"
EndProject
Project("{FAE04EC0-301F-11D3-BF4B-00C04F79EFBC}") = "TicketsOrdering.Security", "TicketsOrdering.Security\TicketsOrdering.Security.csproj", "{58BF95B6-FCC7-48A3-A22A-4B020FCD1FE4}"
EndProject
Global
	GlobalSection(SolutionConfigurationPlatforms) = preSolution
		Debug|Any CPU = Debug|Any CPU
		Release|Any CPU = Release|Any CPU
	EndGlobalSection
	GlobalSection(ProjectConfigurationPlatforms) = postSolution
		{1D43ADB1-C949-41E2-A91B-A486A2819BF7}.Debug|Any CPU.ActiveCfg = Debug|Any CPU
		{1D43ADB1-C949-41E2-A91B-A486A2819BF7}.Debug|Any CPU.Build.0 = Debug|Any CPU
		{1D43ADB1-C949-41E2-A91B-A486A2819BF7}.Release|Any CPU.ActiveCfg = Release|Any CPU
		{1D43ADB1-C949-41E2-A91B-A486A2819BF7}.Release|Any CPU.Build.0 = Release|Any CPU
		{7EA405C8-8C68-4285-850A-2491FCF2C669}.Debug|Any CPU.ActiveCfg = Debug|Any CPU
		{7EA405C8-8C68-4285-850A-2491FCF2C669}.Debug|Any CPU.Build.0 = Debug|Any CPU
		{7EA405C8-8C68-4285-850A-2491FCF2C669}.Release|Any CPU.ActiveCfg = Release|Any CPU
		{7EA405C8-8C68-4285-850A-2491FCF2C669}.Release|Any CPU.Build.0 = Release|Any CPU
		{58BF95B6-FCC7-48A3-A22A-4B020FCD1FE4}.Debug|Any CPU.ActiveCfg = Debug|Any CPU
		{58BF95B6-FCC7-48A3-A22A-4B020FCD1FE4}.Debug|Any CPU.Build.0 = Debug|Any CPU
		{58BF95B6-FCC7-48A3-A22A-4B020FCD1FE4}.Release|Any CPU.ActiveCfg = Release|Any CPU
		{58BF95B6-FCC7-48A3-A22A-4B020FCD1FE4}.Release|Any CPU.Build.0 = Release|Any CPU
	EndGlobalSection
	GlobalSection(SolutionProperties) = preSolution
		HideSolutionNode = FALSE
	EndGlobalSection
	GlobalSection(ExtensibilityGlobals) = postSolution
		SolutionGuid = {902B292A-437F-4E12-B680-0646CDE30254}
	EndGlobalSection
EndGlobal
